
Microsoft Visual Studio Solution File, Format Version 12.00
Project("{FAE04EC0-301F-11D3-BF4B-00C04F79EFBC}") = "JobManagementSystem", "JobManagementSystem\JobManagementSystem.csproj", "{534E89BE-5105-42CC-898B-449ED15333F7}"
EndProject
Project("{FAE04EC0-301F-11D3-BF4B-00C04F79EFBC}") = "Infrastructure", "Infrastructure\Infrastructure.csproj", "{0ED32096-41E8-4638-800E-CC63D0D0973A}"
EndProject
Project("{FAE04EC0-301F-11D3-BF4B-00C04F79EFBC}") = "Domain", "Domain\Domain.csproj", "{72B457A5-15DD-44F8-90D9-AA17A54A6665}"
EndProject
Project("{FAE04EC0-301F-11D3-BF4B-00C04F79EFBC}") = "Application", "Application\Application.csproj", "{B68714CE-BC19-4DF0-80EE-AA073E9DB18D}"
EndProject
Project("{FAE04EC0-301F-11D3-BF4B-00C04F79EFBC}") = "JobManagementSystem.GraphQL", "JobManagementSystem.GraphQL\JobManagementSystem.GraphQL.csproj", "{F146C2D5-ABA5-4E28-A1B1-6B5FE15BA633}"
EndProject
Global
	GlobalSection(SolutionConfigurationPlatforms) = preSolution
		Debug|Any CPU = Debug|Any CPU
		Release|Any CPU = Release|Any CPU
	EndGlobalSection
	GlobalSection(ProjectConfigurationPlatforms) = postSolution
		{534E89BE-5105-42CC-898B-449ED15333F7}.Debug|Any CPU.ActiveCfg = Debug|Any CPU
		{534E89BE-5105-42CC-898B-449ED15333F7}.Debug|Any CPU.Build.0 = Debug|Any CPU
		{534E89BE-5105-42CC-898B-449ED15333F7}.Release|Any CPU.ActiveCfg = Release|Any CPU
		{534E89BE-5105-42CC-898B-449ED15333F7}.Release|Any CPU.Build.0 = Release|Any CPU
		{0ED32096-41E8-4638-800E-CC63D0D0973A}.Debug|Any CPU.ActiveCfg = Debug|Any CPU
		{0ED32096-41E8-4638-800E-CC63D0D0973A}.Debug|Any CPU.Build.0 = Debug|Any CPU
		{0ED32096-41E8-4638-800E-CC63D0D0973A}.Release|Any CPU.ActiveCfg = Release|Any CPU
		{0ED32096-41E8-4638-800E-CC63D0D0973A}.Release|Any CPU.Build.0 = Release|Any CPU
		{72B457A5-15DD-44F8-90D9-AA17A54A6665}.Debug|Any CPU.ActiveCfg = Debug|Any CPU
		{72B457A5-15DD-44F8-90D9-AA17A54A6665}.Debug|Any CPU.Build.0 = Debug|Any CPU
		{72B457A5-15DD-44F8-90D9-AA17A54A6665}.Release|Any CPU.ActiveCfg = Release|Any CPU
		{72B457A5-15DD-44F8-90D9-AA17A54A6665}.Release|Any CPU.Build.0 = Release|Any CPU
		{B68714CE-BC19-4DF0-80EE-AA073E9DB18D}.Debug|Any CPU.ActiveCfg = Debug|Any CPU
		{B68714CE-BC19-4DF0-80EE-AA073E9DB18D}.Debug|Any CPU.Build.0 = Debug|Any CPU
		{B68714CE-BC19-4DF0-80EE-AA073E9DB18D}.Release|Any CPU.ActiveCfg = Release|Any CPU
		{B68714CE-BC19-4DF0-80EE-AA073E9DB18D}.Release|Any CPU.Build.0 = Release|Any CPU
		{F146C2D5-ABA5-4E28-A1B1-6B5FE15BA633}.Debug|Any CPU.ActiveCfg = Debug|Any CPU
		{F146C2D5-ABA5-4E28-A1B1-6B5FE15BA633}.Debug|Any CPU.Build.0 = Debug|Any CPU
		{F146C2D5-ABA5-4E28-A1B1-6B5FE15BA633}.Release|Any CPU.ActiveCfg = Release|Any CPU
		{F146C2D5-ABA5-4E28-A1B1-6B5FE15BA633}.Release|Any CPU.Build.0 = Release|Any CPU
	EndGlobalSection
EndGlobal
